// !$*UTF8*$!
{
	archiveVersion = 1;
	classes = {
	};
	objectVersion = 50;
	objects = {

/* Begin PBXBuildFile section */
		6BE465F02F86C11381F9D222 /* Pods_Todoey.framework in Frameworks */ = {isa = PBXBuildFile; fileRef = BFF40703C9D8A37F22198D29 /* Pods_Todoey.framework */; };
		79424C192152D2D900E5BACF /* CategoryViewController.swift in Sources */ = {isa = PBXBuildFile; fileRef = 79424C182152D2D900E5BACF /* CategoryViewController.swift */; };
		79424C1B2152D41600E5BACF /* Category.swift in Sources */ = {isa = PBXBuildFile; fileRef = 79424C1A2152D41600E5BACF /* Category.swift */; };
		79754E11214C4F040050E54D /* AppDelegate.swift in Sources */ = {isa = PBXBuildFile; fileRef = 79754E10214C4F040050E54D /* AppDelegate.swift */; };
		79754E16214C4F040050E54D /* Main.storyboard in Resources */ = {isa = PBXBuildFile; fileRef = 79754E14214C4F040050E54D /* Main.storyboard */; };
		79754E18214C4F060050E54D /* Assets.xcassets in Resources */ = {isa = PBXBuildFile; fileRef = 79754E17214C4F060050E54D /* Assets.xcassets */; };
		79754E1B214C4F060050E54D /* LaunchScreen.storyboard in Resources */ = {isa = PBXBuildFile; fileRef = 79754E19214C4F060050E54D /* LaunchScreen.storyboard */; };
		79754E25214C51F10050E54D /* TodoListTableViewController.swift in Sources */ = {isa = PBXBuildFile; fileRef = 79754E24214C51F10050E54D /* TodoListTableViewController.swift */; };
		79754E6E214FCF360050E54D /* TodoItem.swift in Sources */ = {isa = PBXBuildFile; fileRef = 79754E6D214FCF360050E54D /* TodoItem.swift */; };
/* End PBXBuildFile section */

/* Begin PBXFileReference section */
		45AB57527BE4602D4B140819 /* Pods-Todoey.debug.xcconfig */ = {isa = PBXFileReference; includeInIndex = 1; lastKnownFileType = text.xcconfig; name = "Pods-Todoey.debug.xcconfig"; path = "Pods/Target Support Files/Pods-Todoey/Pods-Todoey.debug.xcconfig"; sourceTree = "<group>"; };
		52B9C9C7B7A3E5B2230806B6 /* Pods-Todoey.release.xcconfig */ = {isa = PBXFileReference; includeInIndex = 1; lastKnownFileType = text.xcconfig; name = "Pods-Todoey.release.xcconfig"; path = "Pods/Target Support Files/Pods-Todoey/Pods-Todoey.release.xcconfig"; sourceTree = "<group>"; };
		79424C182152D2D900E5BACF /* CategoryViewController.swift */ = {isa = PBXFileReference; lastKnownFileType = sourcecode.swift; path = CategoryViewController.swift; sourceTree = "<group>"; };
		79424C1A2152D41600E5BACF /* Category.swift */ = {isa = PBXFileReference; lastKnownFileType = sourcecode.swift; path = Category.swift; sourceTree = "<group>"; };
		79754E0D214C4F040050E54D /* Todoey.app */ = {isa = PBXFileReference; explicitFileType = wrapper.application; includeInIndex = 0; path = Todoey.app; sourceTree = BUILT_PRODUCTS_DIR; };
		79754E10214C4F040050E54D /* AppDelegate.swift */ = {isa = PBXFileReference; lastKnownFileType = sourcecode.swift; path = AppDelegate.swift; sourceTree = "<group>"; };
		79754E15214C4F040050E54D /* Base */ = {isa = PBXFileReference; lastKnownFileType = file.storyboard; name = Base; path = Base.lproj/Main.storyboard; sourceTree = "<group>"; };
		79754E17214C4F060050E54D /* Assets.xcassets */ = {isa = PBXFileReference; lastKnownFileType = folder.assetcatalog; path = Assets.xcassets; sourceTree = "<group>"; };
		79754E1A214C4F060050E54D /* Base */ = {isa = PBXFileReference; lastKnownFileType = file.storyboard; name = Base; path = Base.lproj/LaunchScreen.storyboard; sourceTree = "<group>"; };
		79754E1C214C4F060050E54D /* Info.plist */ = {isa = PBXFileReference; lastKnownFileType = text.plist.xml; path = Info.plist; sourceTree = "<group>"; };
		79754E24214C51F10050E54D /* TodoListTableViewController.swift */ = {isa = PBXFileReference; lastKnownFileType = sourcecode.swift; path = TodoListTableViewController.swift; sourceTree = "<group>"; };
		79754E6D214FCF360050E54D /* TodoItem.swift */ = {isa = PBXFileReference; lastKnownFileType = sourcecode.swift; path = TodoItem.swift; sourceTree = "<group>"; };
		BFF40703C9D8A37F22198D29 /* Pods_Todoey.framework */ = {isa = PBXFileReference; explicitFileType = wrapper.framework; includeInIndex = 0; path = Pods_Todoey.framework; sourceTree = BUILT_PRODUCTS_DIR; };
/* End PBXFileReference section */

/* Begin PBXFrameworksBuildPhase section */
		79754E0A214C4F040050E54D /* Frameworks */ = {
			isa = PBXFrameworksBuildPhase;
			buildActionMask = 2147483647;
			files = (
				6BE465F02F86C11381F9D222 /* Pods_Todoey.framework in Frameworks */,
			);
			runOnlyForDeploymentPostprocessing = 0;
		};
/* End PBXFrameworksBuildPhase section */

/* Begin PBXGroup section */
		1406491648E69952629DEC2E /* Frameworks */ = {
			isa = PBXGroup;
			children = (
				BFF40703C9D8A37F22198D29 /* Pods_Todoey.framework */,
			);
			name = Frameworks;
			sourceTree = "<group>";
		};
		79754E04214C4F040050E54D = {
			isa = PBXGroup;
			children = (
				79754E0F214C4F040050E54D /* Todoey */,
				79754E0E214C4F040050E54D /* Products */,
				F30B94081971AD43348EA153 /* Pods */,
				1406491648E69952629DEC2E /* Frameworks */,
			);
			sourceTree = "<group>";
		};
		79754E0E214C4F040050E54D /* Products */ = {
			isa = PBXGroup;
			children = (
				79754E0D214C4F040050E54D /* Todoey.app */,
			);
			name = Products;
			sourceTree = "<group>";
		};
		79754E0F214C4F040050E54D /* Todoey */ = {
			isa = PBXGroup;
			children = (
				79754E69214FCA670050E54D /* Controller */,
				79754E68214FCA5F0050E54D /* View */,
				79754E26214D24FA0050E54D /* Models */,
				79754E17214C4F060050E54D /* Assets.xcassets */,
				79754E1C214C4F060050E54D /* Info.plist */,
			);
			path = Todoey;
			sourceTree = "<group>";
		};
		79754E26214D24FA0050E54D /* Models */ = {
			isa = PBXGroup;
			children = (
				79754E6D214FCF360050E54D /* TodoItem.swift */,
				79424C1A2152D41600E5BACF /* Category.swift */,
			);
			path = Models;
			sourceTree = "<group>";
		};
		79754E68214FCA5F0050E54D /* View */ = {
			isa = PBXGroup;
			children = (
				79754E19214C4F060050E54D /* LaunchScreen.storyboard */,
				79754E14214C4F040050E54D /* Main.storyboard */,
			);
			path = View;
			sourceTree = "<group>";
		};
		79754E69214FCA670050E54D /* Controller */ = {
			isa = PBXGroup;
			children = (
				79424C182152D2D900E5BACF /* CategoryViewController.swift */,
				79754E24214C51F10050E54D /* TodoListTableViewController.swift */,
				79754E10214C4F040050E54D /* AppDelegate.swift */,
			);
			path = Controller;
			sourceTree = "<group>";
		};
		F30B94081971AD43348EA153 /* Pods */ = {
			isa = PBXGroup;
			children = (
				45AB57527BE4602D4B140819 /* Pods-Todoey.debug.xcconfig */,
				52B9C9C7B7A3E5B2230806B6 /* Pods-Todoey.release.xcconfig */,
			);
			name = Pods;
			sourceTree = "<group>";
		};
/* End PBXGroup section */

/* Begin PBXNativeTarget section */
		79754E0C214C4F040050E54D /* Todoey */ = {
			isa = PBXNativeTarget;
			buildConfigurationList = 79754E1F214C4F060050E54D /* Build configuration list for PBXNativeTarget "Todoey" */;
			buildPhases = (
				246836C198F7A1AC7C2BD7B7 /* [CP] Check Pods Manifest.lock */,
				79754E09214C4F040050E54D /* Sources */,
				79754E0A214C4F040050E54D /* Frameworks */,
				79754E0B214C4F040050E54D /* Resources */,
				21D9617CA71B5A84E62487AB /* [CP] Embed Pods Frameworks */,
			);
			buildRules = (
			);
			dependencies = (
			);
			name = Todoey;
			productName = Todoey;
			productReference = 79754E0D214C4F040050E54D /* Todoey.app */;
			productType = "com.apple.product-type.application";
		};
/* End PBXNativeTarget section */

/* Begin PBXProject section */
		79754E05214C4F040050E54D /* Project object */ = {
			isa = PBXProject;
			attributes = {
				LastSwiftUpdateCheck = 1000;
				LastUpgradeCheck = 1000;
				ORGANIZATIONNAME = Helen;
				TargetAttributes = {
					79754E0C214C4F040050E54D = {
						CreatedOnToolsVersion = 10.0;
					};
				};
			};
			buildConfigurationList = 79754E08214C4F040050E54D /* Build configuration list for PBXProject "Todoey" */;
			compatibilityVersion = "Xcode 9.3";
			developmentRegion = en;
			hasScannedForEncodings = 0;
			knownRegions = (
				en,
				Base,
			);
			mainGroup = 79754E04214C4F040050E54D;
			productRefGroup = 79754E0E214C4F040050E54D /* Products */;
			projectDirPath = "";
			projectRoot = "";
			targets = (
				79754E0C214C4F040050E54D /* Todoey */,
			);
		};
/* End PBXProject section */

/* Begin PBXResourcesBuildPhase section */
		79754E0B214C4F040050E54D /* Resources */ = {
			isa = PBXResourcesBuildPhase;
			buildActionMask = 2147483647;
			files = (
				79754E1B214C4F060050E54D /* LaunchScreen.storyboard in Resources */,
				79754E18214C4F060050E54D /* Assets.xcassets in Resources */,
				79754E16214C4F040050E54D /* Main.storyboard in Resources */,
			);
			runOnlyForDeploymentPostprocessing = 0;
		};
/* End PBXResourcesBuildPhase section */

/* Begin PBXShellScriptBuildPhase section */
		21D9617CA71B5A84E62487AB /* [CP] Embed Pods Frameworks */ = {
			isa = PBXShellScriptBuildPhase;
			buildActionMask = 2147483647;
			files = (
			);
			inputPaths = (
				"${SRCROOT}/Pods/Target Support Files/Pods-Todoey/Pods-Todoey-frameworks.sh",
				"${BUILT_PRODUCTS_DIR}/Realm/Realm.framework",
				"${BUILT_PRODUCTS_DIR}/RealmSwift/RealmSwift.framework",
			);
			name = "[CP] Embed Pods Frameworks";
			outputPaths = (
				"${TARGET_BUILD_DIR}/${FRAMEWORKS_FOLDER_PATH}/Realm.framework",
				"${TARGET_BUILD_DIR}/${FRAMEWORKS_FOLDER_PATH}/RealmSwift.framework",
			);
			runOnlyForDeploymentPostprocessing = 0;
			shellPath = /bin/sh;
			shellScript = "\"${SRCROOT}/Pods/Target Support Files/Pods-Todoey/Pods-Todoey-frameworks.sh\"\n";
			showEnvVarsInLog = 0;
		};
		246836C198F7A1AC7C2BD7B7 /* [CP] Check Pods Manifest.lock */ = {
			isa = PBXShellScriptBuildPhase;
			buildActionMask = 2147483647;
			files = (
			);
			inputPaths = (
				"${PODS_PODFILE_DIR_PATH}/Podfile.lock",
				"${PODS_ROOT}/Manifest.lock",
			);
			name = "[CP] Check Pods Manifest.lock";
			outputPaths = (
				"$(DERIVED_FILE_DIR)/Pods-Todoey-checkManifestLockResult.txt",
			);
			runOnlyForDeploymentPostprocessing = 0;
			shellPath = /bin/sh;
			shellScript = "diff \"${PODS_PODFILE_DIR_PATH}/Podfile.lock\" \"${PODS_ROOT}/Manifest.lock\" > /dev/null\nif [ $? != 0 ] ; then\n    # print error to STDERR\n    echo \"error: The sandbox is not in sync with the Podfile.lock. Run 'pod install' or update your CocoaPods installation.\" >&2\n    exit 1\nfi\n# This output is used by Xcode 'outputs' to avoid re-running this script phase.\necho \"SUCCESS\" > \"${SCRIPT_OUTPUT_FILE_0}\"\n";
			showEnvVarsInLog = 0;
		};
/* End PBXShellScriptBuildPhase section */

/* Begin PBXSourcesBuildPhase section */
		79754E09214C4F040050E54D /* Sources */ = {
			isa = PBXSourcesBuildPhase;
			buildActionMask = 2147483647;
			files = (
				79424C192152D2D900E5BACF /* CategoryViewController.swift in Sources */,
				79754E11214C4F040050E54D /* AppDelegate.swift in Sources */,
				79754E6E214FCF360050E54D /* TodoItem.swift in Sources */,
				79754E25214C51F10050E54D /* TodoListTableViewController.swift in Sources */,
				79424C1B2152D41600E5BACF /* Category.swift in Sources */,
			);
			runOnlyForDeploymentPostprocessing = 0;
		};
/* End PBXSourcesBuildPhase section */

/* Begin PBXVariantGroup section */
		79754E14214C4F040050E54D /* Main.storyboard */ = {
			isa = PBXVariantGroup;
			children = (
				79754E15214C4F040050E54D /* Base */,
			);
			name = Main.storyboard;
			sourceTree = "<group>";
		};
		79754E19214C4F060050E54D /* LaunchScreen.storyboard */ = {
			isa = PBXVariantGroup;
			children = (
				79754E1A214C4F060050E54D /* Base */,
			);
			name = LaunchScreen.storyboard;
			sourceTree = "<group>";
		};
/* End PBXVariantGroup section */

/* Begin XCBuildConfiguration section */
		79754E1D214C4F060050E54D /* Debug */ = {
			isa = XCBuildConfiguration;
			buildSettings = {
				ALWAYS_SEARCH_USER_PATHS = NO;
				CLANG_ANALYZER_NONNULL = YES;
				CLANG_ANALYZER_NUMBER_OBJECT_CONVERSION = YES_AGGRESSIVE;
				CLANG_CXX_LANGUAGE_STANDARD = "gnu++14";
				CLANG_CXX_LIBRARY = "libc++";
				CLANG_ENABLE_MODULES = YES;
				CLANG_ENABLE_OBJC_ARC = YES;
				CLANG_ENABLE_OBJC_WEAK = YES;
				CLANG_WARN_BLOCK_CAPTURE_AUTORELEASING = YES;
				CLANG_WARN_BOOL_CONVERSION = YES;
				CLANG_WARN_COMMA = YES;
				CLANG_WARN_CONSTANT_CONVERSION = YES;
				CLANG_WARN_DEPRECATED_OBJC_IMPLEMENTATIONS = YES;
				CLANG_WARN_DIRECT_OBJC_ISA_USAGE = YES_ERROR;
				CLANG_WARN_DOCUMENTATION_COMMENTS = YES;
				CLANG_WARN_EMPTY_BODY = YES;
				CLANG_WARN_ENUM_CONVERSION = YES;
				CLANG_WARN_INFINITE_RECURSION = YES;
				CLANG_WARN_INT_CONVERSION = YES;
				CLANG_WARN_NON_LITERAL_NULL_CONVERSION = YES;
				CLANG_WARN_OBJC_IMPLICIT_RETAIN_SELF = YES;
				CLANG_WARN_OBJC_LITERAL_CONVERSION = YES;
				CLANG_WARN_OBJC_ROOT_CLASS = YES_ERROR;
				CLANG_WARN_RANGE_LOOP_ANALYSIS = YES;
				CLANG_WARN_STRICT_PROTOTYPES = YES;
				CLANG_WARN_SUSPICIOUS_MOVE = YES;
				CLANG_WARN_UNGUARDED_AVAILABILITY = YES_AGGRESSIVE;
				CLANG_WARN_UNREACHABLE_CODE = YES;
				CLANG_WARN__DUPLICATE_METHOD_MATCH = YES;
				CODE_SIGN_IDENTITY = "iPhone Developer";
				COPY_PHASE_STRIP = NO;
				DEBUG_INFORMATION_FORMAT = dwarf;
				ENABLE_STRICT_OBJC_MSGSEND = YES;
				ENABLE_TESTABILITY = YES;
				GCC_C_LANGUAGE_STANDARD = gnu11;
				GCC_DYNAMIC_NO_PIC = NO;
				GCC_NO_COMMON_BLOCKS = YES;
				GCC_OPTIMIZATION_LEVEL = 0;
				GCC_PREPROCESSOR_DEFINITIONS = (
					"DEBUG=1",
					"$(inherited)",
				);
				GCC_WARN_64_TO_32_BIT_CONVERSION = YES;
				GCC_WARN_ABOUT_RETURN_TYPE = YES_ERROR;
				GCC_WARN_UNDECLARED_SELECTOR = YES;
				GCC_WARN_UNINITIALIZED_AUTOS = YES_AGGRESSIVE;
				GCC_WARN_UNUSED_FUNCTION = YES;
				GCC_WARN_UNUSED_VARIABLE = YES;
				IPHONEOS_DEPLOYMENT_TARGET = 12.0;
				MTL_ENABLE_DEBUG_INFO = INCLUDE_SOURCE;
				MTL_FAST_MATH = YES;
				ONLY_ACTIVE_ARCH = YES;
				SDKROOT = iphoneos;
				SWIFT_ACTIVE_COMPILATION_CONDITIONS = DEBUG;
				SWIFT_OPTIMIZATION_LEVEL = "-Onone";
			};
			name = Debug;
		};
		79754E1E214C4F060050E54D /* Release */ = {
			isa = XCBuildConfiguration;
			buildSettings = {
				ALWAYS_SEARCH_USER_PATHS = NO;
				CLANG_ANALYZER_NONNULL = YES;
				CLANG_ANALYZER_NUMBER_OBJECT_CONVERSION = YES_AGGRESSIVE;
				CLANG_CXX_LANGUAGE_STANDARD = "gnu++14";
				CLANG_CXX_LIBRARY = "libc++";
				CLANG_ENABLE_MODULES = YES;
				CLANG_ENABLE_OBJC_ARC = YES;
				CLANG_ENABLE_OBJC_WEAK = YES;
				CLANG_WARN_BLOCK_CAPTURE_AUTORELEASING = YES;
				CLANG_WARN_BOOL_CONVERSION = YES;
				CLANG_WARN_COMMA = YES;
				CLANG_WARN_CONSTANT_CONVERSION = YES;
				CLANG_WARN_DEPRECATED_OBJC_IMPLEMENTATIONS = YES;
				CLANG_WARN_DIRECT_OBJC_ISA_USAGE = YES_ERROR;
				CLANG_WARN_DOCUMENTATION_COMMENTS = YES;
				CLANG_WARN_EMPTY_BODY = YES;
				CLANG_WARN_ENUM_CONVERSION = YES;
				CLANG_WARN_INFINITE_RECURSION = YES;
				CLANG_WARN_INT_CONVERSION = YES;
				CLANG_WARN_NON_LITERAL_NULL_CONVERSION = YES;
				CLANG_WARN_OBJC_IMPLICIT_RETAIN_SELF = YES;
				CLANG_WARN_OBJC_LITERAL_CONVERSION = YES;
				CLANG_WARN_OBJC_ROOT_CLASS = YES_ERROR;
				CLANG_WARN_RANGE_LOOP_ANALYSIS = YES;
				CLANG_WARN_STRICT_PROTOTYPES = YES;
				CLANG_WARN_SUSPICIOUS_MOVE = YES;
				CLANG_WARN_UNGUARDED_AVAILABILITY = YES_AGGRESSIVE;
				CLANG_WARN_UNREACHABLE_CODE = YES;
				CLANG_WARN__DUPLICATE_METHOD_MATCH = YES;
				CODE_SIGN_IDENTITY = "iPhone Developer";
				COPY_PHASE_STRIP = NO;
				DEBUG_INFORMATION_FORMAT = "dwarf-with-dsym";
				ENABLE_NS_ASSERTIONS = NO;
				ENABLE_STRICT_OBJC_MSGSEND = YES;
				GCC_C_LANGUAGE_STANDARD = gnu11;
				GCC_NO_COMMON_BLOCKS = YES;
				GCC_WARN_64_TO_32_BIT_CONVERSION = YES;
				GCC_WARN_ABOUT_RETURN_TYPE = YES_ERROR;
				GCC_WARN_UNDECLARED_SELECTOR = YES;
				GCC_WARN_UNINITIALIZED_AUTOS = YES_AGGRESSIVE;
				GCC_WARN_UNUSED_FUNCTION = YES;
				GCC_WARN_UNUSED_VARIABLE = YES;
				IPHONEOS_DEPLOYMENT_TARGET = 12.0;
				MTL_ENABLE_DEBUG_INFO = NO;
				MTL_FAST_MATH = YES;
				SDKROOT = iphoneos;
				SWIFT_COMPILATION_MODE = wholemodule;
				SWIFT_OPTIMIZATION_LEVEL = "-O";
				VALIDATE_PRODUCT = YES;
			};
			name = Release;
		};
		79754E20214C4F060050E54D /* Debug */ = {
			isa = XCBuildConfiguration;
			baseConfigurationReference = 45AB57527BE4602D4B140819 /* Pods-Todoey.debug.xcconfig */;
			buildSettings = {
				ASSETCATALOG_COMPILER_APPICON_NAME = AppIcon;
				CODE_SIGN_STYLE = Automatic;
				DEVELOPMENT_TEAM = GZ3U85T8ZB;
				INFOPLIST_FILE = Todoey/Info.plist;
				LD_RUNPATH_SEARCH_PATHS = (
					"$(inherited)",
					"@executable_path/Frameworks",
				);
				PRODUCT_BUNDLE_IDENTIFIER = com.appbrewerytuts.Todoey;
				PRODUCT_NAME = "$(TARGET_NAME)";
				SWIFT_VERSION = 4.2;
				TARGETED_DEVICE_FAMILY = "1,2";
			};
			name = Debug;
		};
		79754E21214C4F060050E54D /* Release */ = {
			isa = XCBuildConfiguration;
			baseConfigurationReference = 52B9C9C7B7A3E5B2230806B6 /* Pods-Todoey.release.xcconfig */;
			buildSettings = {
				ASSETCATALOG_COMPILER_APPICON_NAME = AppIcon;
				CODE_SIGN_STYLE = Automatic;
				DEVELOPMENT_TEAM = GZ3U85T8ZB;
				INFOPLIST_FILE = Todoey/Info.plist;
				LD_RUNPATH_SEARCH_PATHS = (
					"$(inherited)",
					"@executable_path/Frameworks",
				);
				PRODUCT_BUNDLE_IDENTIFIER = com.appbrewerytuts.Todoey;
				PRODUCT_NAME = "$(TARGET_NAME)";
				SWIFT_VERSION = 4.2;
				TARGETED_DEVICE_FAMILY = "1,2";
			};
			name = Release;
		};
/* End XCBuildConfiguration section */

/* Begin XCConfigurationList section */
		79754E08214C4F040050E54D /* Build configuration list for PBXProject "Todoey" */ = {
			isa = XCConfigurationList;
			buildConfigurations = (
				79754E1D214C4F060050E54D /* Debug */,
				79754E1E214C4F060050E54D /* Release */,
			);
			defaultConfigurationIsVisible = 0;
			defaultConfigurationName = Release;
		};
		79754E1F214C4F060050E54D /* Build configuration list for PBXNativeTarget "Todoey" */ = {
			isa = XCConfigurationList;
			buildConfigurations = (
				79754E20214C4F060050E54D /* Debug */,
				79754E21214C4F060050E54D /* Release */,
			);
			defaultConfigurationIsVisible = 0;
			defaultConfigurationName = Release;
		};
/* End XCConfigurationList section */
	};
	rootObject = 79754E05214C4F040050E54D /* Project object */;
}
